
Microsoft Visual Studio Solution File, Format Version 12.00
# Visual Studio Version 16
VisualStudioVersion = 16.0.33130.400
MinimumVisualStudioVersion = 10.0.40219.1
Project("{8BC9CEB8-8B4A-11D0-8D11-00A0C91BC942}") = "devtools", "devtools\devtools.vcxproj", "{F0DB7432-2617-4BF2-87D8-4868D0E79A4B}"
	ProjectSection(ProjectDependencies) = postProject
		{7FDDBC68-B369-4346-BA6E-7C1CE2FF732F} = {7FDDBC68-B369-4346-BA6E-7C1CE2FF732F}
		{A3DD7FE1-CACF-4CD6-BE77-0D696E5CC4D0} = {A3DD7FE1-CACF-4CD6-BE77-0D696E5CC4D0}
	EndProjectSection
EndProject
Project("{2150E333-8FDC-42A3-9474-1A3956D46DE8}") = "Dependencies", "Dependencies", "{90A7276F-836A-4045-A759-BF930AAF3632}"
EndProject
Project("{8BC9CEB8-8B4A-11D0-8D11-00A0C91BC942}") = "nbframework", "..\..\..\..\sys-nbframework\sys-nbframework-src\projects\visual-studio\nbframework\nbframework.vcxproj", "{7FDDBC68-B369-4346-BA6E-7C1CE2FF732F}"
EndProject
Project("{8BC9CEB8-8B4A-11D0-8D11-00A0C91BC942}") = "lib-auframework", "..\..\..\lib-auframework-src\projects\visual-studio\auframework\lib-auframework.vcxproj", "{A3DD7FE1-CACF-4CD6-BE77-0D696E5CC4D0}"
EndProject
Global
	GlobalSection(SolutionConfigurationPlatforms) = preSolution
		Debug|ARM64 = Debug|ARM64
		Debug|x64 = Debug|x64
		Debug|x86 = Debug|x86
		Release|ARM64 = Release|ARM64
		Release|x64 = Release|x64
		Release|x86 = Release|x86
	EndGlobalSection
	GlobalSection(ProjectConfigurationPlatforms) = postSolution
		{F0DB7432-2617-4BF2-87D8-4868D0E79A4B}.Debug|ARM64.ActiveCfg = Debug|Win32
		{F0DB7432-2617-4BF2-87D8-4868D0E79A4B}.Debug|x64.ActiveCfg = Debug|x64
		{F0DB7432-2617-4BF2-87D8-4868D0E79A4B}.Debug|x64.Build.0 = Debug|x64
		{F0DB7432-2617-4BF2-87D8-4868D0E79A4B}.Debug|x86.ActiveCfg = Debug|Win32
		{F0DB7432-2617-4BF2-87D8-4868D0E79A4B}.Debug|x86.Build.0 = Debug|Win32
		{F0DB7432-2617-4BF2-87D8-4868D0E79A4B}.Release|ARM64.ActiveCfg = Release|Win32
		{F0DB7432-2617-4BF2-87D8-4868D0E79A4B}.Release|x64.ActiveCfg = Release|x64
		{F0DB7432-2617-4BF2-87D8-4868D0E79A4B}.Release|x64.Build.0 = Release|x64
		{F0DB7432-2617-4BF2-87D8-4868D0E79A4B}.Release|x86.ActiveCfg = Release|Win32
		{F0DB7432-2617-4BF2-87D8-4868D0E79A4B}.Release|x86.Build.0 = Release|Win32
		{7FDDBC68-B369-4346-BA6E-7C1CE2FF732F}.Debug|ARM64.ActiveCfg = Debug|ARM64
		{7FDDBC68-B369-4346-BA6E-7C1CE2FF732F}.Debug|ARM64.Build.0 = Debug|ARM64
		{7FDDBC68-B369-4346-BA6E-7C1CE2FF732F}.Debug|x64.ActiveCfg = Debug|x64
		{7FDDBC68-B369-4346-BA6E-7C1CE2FF732F}.Debug|x64.Build.0 = Debug|x64
		{7FDDBC68-B369-4346-BA6E-7C1CE2FF732F}.Debug|x86.ActiveCfg = Debug|Win32
		{7FDDBC68-B369-4346-BA6E-7C1CE2FF732F}.Debug|x86.Build.0 = Debug|Win32
		{7FDDBC68-B369-4346-BA6E-7C1CE2FF732F}.Release|ARM64.ActiveCfg = Release|ARM64
		{7FDDBC68-B369-4346-BA6E-7C1CE2FF732F}.Release|ARM64.Build.0 = Release|ARM64
		{7FDDBC68-B369-4346-BA6E-7C1CE2FF732F}.Release|x64.ActiveCfg = Release|x64
		{7FDDBC68-B369-4346-BA6E-7C1CE2FF732F}.Release|x64.Build.0 = Release|x64
		{7FDDBC68-B369-4346-BA6E-7C1CE2FF732F}.Release|x86.ActiveCfg = Release|Win32
		{7FDDBC68-B369-4346-BA6E-7C1CE2FF732F}.Release|x86.Build.0 = Release|Win32
		{A3DD7FE1-CACF-4CD6-BE77-0D696E5CC4D0}.Debug|ARM64.ActiveCfg = Debug|Win32
		{A3DD7FE1-CACF-4CD6-BE77-0D696E5CC4D0}.Debug|x64.ActiveCfg = Debug|x64
		{A3DD7FE1-CACF-4CD6-BE77-0D696E5CC4D0}.Debug|x64.Build.0 = Debug|x64
		{A3DD7FE1-CACF-4CD6-BE77-0D696E5CC4D0}.Debug|x86.ActiveCfg = Debug|Win32
		{A3DD7FE1-CACF-4CD6-BE77-0D696E5CC4D0}.Debug|x86.Build.0 = Debug|Win32
		{A3DD7FE1-CACF-4CD6-BE77-0D696E5CC4D0}.Release|ARM64.ActiveCfg = Release|Win32
		{A3DD7FE1-CACF-4CD6-BE77-0D696E5CC4D0}.Release|x64.ActiveCfg = Release|x64
		{A3DD7FE1-CACF-4CD6-BE77-0D696E5CC4D0}.Release|x64.Build.0 = Release|x64
		{A3DD7FE1-CACF-4CD6-BE77-0D696E5CC4D0}.Release|x86.ActiveCfg = Release|Win32
		{A3DD7FE1-CACF-4CD6-BE77-0D696E5CC4D0}.Release|x86.Build.0 = Release|Win32
	EndGlobalSection
	GlobalSection(SolutionProperties) = preSolution
		HideSolutionNode = FALSE
	EndGlobalSection
	GlobalSection(NestedProjects) = preSolution
		{7FDDBC68-B369-4346-BA6E-7C1CE2FF732F} = {90A7276F-836A-4045-A759-BF930AAF3632}
		{A3DD7FE1-CACF-4CD6-BE77-0D696E5CC4D0} = {90A7276F-836A-4045-A759-BF930AAF3632}
	EndGlobalSection
	GlobalSection(ExtensibilityGlobals) = postSolution
		SolutionGuid = {C41301E0-104C-4734-B5E9-F9DE405FC347}
	EndGlobalSection
EndGlobal
