<?xml version="1.0" encoding="utf-8"?>
<Project ToolsVersion="4.0" xmlns="http://schemas.microsoft.com/developer/msbuild/2003">
  <ItemGroup>
    <Filter Include="Source Files">
      <UniqueIdentifier>{4FC737F1-C7A5-4376-A066-2A32D752A2FF}</UniqueIdentifier>
      <Extensions>cpp;c;cc;cxx;c++;cppm;ixx;def;odl;idl;hpj;bat;asm;asmx</Extensions>
    </Filter>
    <Filter Include="Source Files\tools">
      <UniqueIdentifier>{2bd7cfdf-068e-458e-ae55-a9ffe0f34139}</UniqueIdentifier>
    </Filter>
  </ItemGroup>
  <ItemGroup>
    <ClCompile Include="..\..\..\src\NBToolAppIconsGenerator.cpp">
      <Filter>Source Files\tools</Filter>
    </ClCompile>
    <ClCompile Include="..\..\..\src\NBToolAudioCompressor.cpp">
      <Filter>Source Files\tools</Filter>
    </ClCompile>
    <ClCompile Include="..\..\..\src\NBToolImagesScaler.cpp">
      <Filter>Source Files\tools</Filter>
    </ClCompile>
    <ClCompile Include="..\..\..\src\NBToolLaunchscreensGenerator.cpp">
      <Filter>Source Files\tools</Filter>
    </ClCompile>
    <ClCompile Include="..\..\..\src\NBToolPackageMaker.cpp">
      <Filter>Source Files\tools</Filter>
    </ClCompile>
    <ClCompile Include="..\..\xcode\devtools\tool-devtools\main.cpp">
      <Filter>Source Files</Filter>
    </ClCompile>
  </ItemGroup>
  <ItemGroup>
    <ClInclude Include="..\..\..\include\NBToolAppIconsGenerator.h">
      <Filter>Source Files\tools</Filter>
    </ClInclude>
    <ClInclude Include="..\..\..\include\NBToolAudioCompressor.h">
      <Filter>Source Files\tools</Filter>
    </ClInclude>
    <ClInclude Include="..\..\..\include\NBToolImagesScaler.h">
      <Filter>Source Files\tools</Filter>
    </ClInclude>
    <ClInclude Include="..\..\..\include\NBToolLaunchscreensGenerator.h">
      <Filter>Source Files\tools</Filter>
    </ClInclude>
    <ClInclude Include="..\..\..\include\NBToolPackageMaker.h">
      <Filter>Source Files\tools</Filter>
    </ClInclude>
  </ItemGroup>
</Project>